// !$*UTF8*$!
{
	archiveVersion = 1;
	classes = {
	};
	objectVersion = 46;
	objects = {

/* Begin PBXBuildFile section */
		F5187D5E1BD4BD6F00EAFA47 /* main.m in Sources */ = {isa = PBXBuildFile; fileRef = F5187D5D1BD4BD6F00EAFA47 /* main.m */; };
		F5187D611BD4BD6F00EAFA47 /* AppDelegate.m in Sources */ = {isa = PBXBuildFile; fileRef = F5187D601BD4BD6F00EAFA47 /* AppDelegate.m */; };
		F5187D641BD4BD6F00EAFA47 /* ViewController.m in Sources */ = {isa = PBXBuildFile; fileRef = F5187D631BD4BD6F00EAFA47 /* ViewController.m */; };
		F5187D671BD4BD6F00EAFA47 /* Main.storyboard in Resources */ = {isa = PBXBuildFile; fileRef = F5187D651BD4BD6F00EAFA47 /* Main.storyboard */; };
		F5187D691BD4BD6F00EAFA47 /* Assets.xcassets in Resources */ = {isa = PBXBuildFile; fileRef = F5187D681BD4BD6F00EAFA47 /* Assets.xcassets */; };
		F5187D6C1BD4BD6F00EAFA47 /* LaunchScreen.storyboard in Resources */ = {isa = PBXBuildFile; fileRef = F5187D6A1BD4BD6F00EAFA47 /* LaunchScreen.storyboard */; };
/* End PBXBuildFile section */

/* Begin PBXFileReference section */
		F5187D591BD4BD6F00EAFA47 /* Jenkins.app */ = {isa = PBXFileReference; explicitFileType = wrapper.application; includeInIndex = 0; path = Jenkins.app; sourceTree = BUILT_PRODUCTS_DIR; };
		F5187D5D1BD4BD6F00EAFA47 /* main.m */ = {isa = PBXFileReference; lastKnownFileType = sourcecode.c.objc; path = main.m; sourceTree = "<group>"; };
		F5187D5F1BD4BD6F00EAFA47 /* AppDelegate.h */ = {isa = PBXFileReference; lastKnownFileType = sourcecode.c.h; path = AppDelegate.h; sourceTree = "<group>"; };
		F5187D601BD4BD6F00EAFA47 /* AppDelegate.m */ = {isa = PBXFileReference; lastKnownFileType = sourcecode.c.objc; path = AppDelegate.m; sourceTree = "<group>"; };
		F5187D621BD4BD6F00EAFA47 /* ViewController.h */ = {isa = PBXFileReference; lastKnownFileType = sourcecode.c.h; path = ViewController.h; sourceTree = "<group>"; };
		F5187D631BD4BD6F00EAFA47 /* ViewController.m */ = {isa = PBXFileReference; lastKnownFileType = sourcecode.c.objc; path = ViewController.m; sourceTree = "<group>"; };
		F5187D661BD4BD6F00EAFA47 /* Base */ = {isa = PBXFileReference; lastKnownFileType = file.storyboard; name = Base; path = Base.lproj/Main.storyboard; sourceTree = "<group>"; };
		F5187D681BD4BD6F00EAFA47 /* Assets.xcassets */ = {isa = PBXFileReference; lastKnownFileType = folder.assetcatalog; path = Assets.xcassets; sourceTree = "<group>"; };
		F5187D6B1BD4BD6F00EAFA47 /* Base */ = {isa = PBXFileReference; lastKnownFileType = file.storyboard; name = Base; path = Base.lproj/LaunchScreen.storyboard; sourceTree = "<group>"; };
		F5187D6D1BD4BD6F00EAFA47 /* Info.plist */ = {isa = PBXFileReference; lastKnownFileType = text.plist.xml; path = Info.plist; sourceTree = "<group>"; };
/* End PBXFileReference section */

/* Begin PBXFrameworksBuildPhase section */
		F5187D561BD4BD6F00EAFA47 /* Frameworks */ = {
			isa = PBXFrameworksBuildPhase;
			buildActionMask = 2147483647;
			files = (
			);
			runOnlyForDeploymentPostprocessing = 0;
		};
/* End PBXFrameworksBuildPhase section */

/* Begin PBXGroup section */
		F5187D501BD4BD6F00EAFA47 = {
			isa = PBXGroup;
			children = (
				F5187D5B1BD4BD6F00EAFA47 /* Jenkins */,
				F5187D5A1BD4BD6F00EAFA47 /* Products */,
			);
			sourceTree = "<group>";
		};
		F5187D5A1BD4BD6F00EAFA47 /* Products */ = {
			isa = PBXGroup;
			children = (
				F5187D591BD4BD6F00EAFA47 /* Jenkins.app */,
			);
			name = Products;
			sourceTree = "<group>";
		};
		F5187D5B1BD4BD6F00EAFA47 /* Jenkins */ = {
			isa = PBXGroup;
			children = (
				F5187D5F1BD4BD6F00EAFA47 /* AppDelegate.h */,
				F5187D601BD4BD6F00EAFA47 /* AppDelegate.m */,
				F5187D621BD4BD6F00EAFA47 /* ViewController.h */,
				F5187D631BD4BD6F00EAFA47 /* ViewController.m */,
				F5187D651BD4BD6F00EAFA47 /* Main.storyboard */,
				F5187D681BD4BD6F00EAFA47 /* Assets.xcassets */,
				F5187D6A1BD4BD6F00EAFA47 /* LaunchScreen.storyboard */,
				F5187D6D1BD4BD6F00EAFA47 /* Info.plist */,
				F5187D5C1BD4BD6F00EAFA47 /* Supporting Files */,
			);
			path = Jenkins;
			sourceTree = "<group>";
		};
		F5187D5C1BD4BD6F00EAFA47 /* Supporting Files */ = {
			isa = PBXGroup;
			children = (
				F5187D5D1BD4BD6F00EAFA47 /* main.m */,
			);
			name = "Supporting Files";
			sourceTree = "<group>";
		};
/* End PBXGroup section */

/* Begin PBXNativeTarget section */
		F5187D581BD4BD6F00EAFA47 /* Jenkins */ = {
			isa = PBXNativeTarget;
			buildConfigurationList = F5187D701BD4BD6F00EAFA47 /* Build configuration list for PBXNativeTarget "Jenkins" */;
			buildPhases = (
				F5187D551BD4BD6F00EAFA47 /* Sources */,
				F5187D561BD4BD6F00EAFA47 /* Frameworks */,
				F5187D571BD4BD6F00EAFA47 /* Resources */,
			);
			buildRules = (
			);
			dependencies = (
			);
			name = Jenkins;
			productName = Jenkins;
			productReference = F5187D591BD4BD6F00EAFA47 /* Jenkins.app */;
			productType = "com.apple.product-type.application";
		};
/* End PBXNativeTarget section */

/* Begin PBXProject section */
		F5187D511BD4BD6F00EAFA47 /* Project object */ = {
			isa = PBXProject;
			attributes = {
				LastUpgradeCheck = 0700;
				ORGANIZATIONNAME = Devdutt;
				TargetAttributes = {
					F5187D581BD4BD6F00EAFA47 = {
						CreatedOnToolsVersion = 7.0;
					};
				};
			};
			buildConfigurationList = F5187D541BD4BD6F00EAFA47 /* Build configuration list for PBXProject "Jenkins" */;
			compatibilityVersion = "Xcode 3.2";
			developmentRegion = English;
			hasScannedForEncodings = 0;
			knownRegions = (
				en,
				Base,
			);
			mainGroup = F5187D501BD4BD6F00EAFA47;
			productRefGroup = F5187D5A1BD4BD6F00EAFA47 /* Products */;
			projectDirPath = "";
			projectRoot = "";
			targets = (
				F5187D581BD4BD6F00EAFA47 /* Jenkins */,
			);
		};
/* End PBXProject section */

/* Begin PBXResourcesBuildPhase section */
		F5187D571BD4BD6F00EAFA47 /* Resources */ = {
			isa = PBXResourcesBuildPhase;
			buildActionMask = 2147483647;
			files = (
				F5187D6C1BD4BD6F00EAFA47 /* LaunchScreen.storyboard in Resources */,
				F5187D691BD4BD6F00EAFA47 /* Assets.xcassets in Resources */,
				F5187D671BD4BD6F00EAFA47 /* Main.storyboard in Resources */,
			);
			runOnlyForDeploymentPostprocessing = 0;
		};
/* End PBXResourcesBuildPhase section */

/* Begin PBXSourcesBuildPhase section */
		F5187D551BD4BD6F00EAFA47 /* Sources */ = {
			isa = PBXSourcesBuildPhase;
			buildActionMask = 2147483647;
			files = (
				F5187D641BD4BD6F00EAFA47 /* ViewController.m in Sources */,
				F5187D611BD4BD6F00EAFA47 /* AppDelegate.m in Sources */,
				F5187D5E1BD4BD6F00EAFA47 /* main.m in Sources */,
			);
			runOnlyForDeploymentPostprocessing = 0;
		};
/* End PBXSourcesBuildPhase section */

/* Begin PBXVariantGroup section */
		F5187D651BD4BD6F00EAFA47 /* Main.storyboard */ = {
			isa = PBXVariantGroup;
			children = (
				F5187D661BD4BD6F00EAFA47 /* Base */,
			);
			name = Main.storyboard;
			sourceTree = "<group>";
		};
		F5187D6A1BD4BD6F00EAFA47 /* LaunchScreen.storyboard */ = {
			isa = PBXVariantGroup;
			children = (
				F5187D6B1BD4BD6F00EAFA47 /* Base */,
			);
			name = LaunchScreen.storyboard;
			sourceTree = "<group>";
		};
/* End PBXVariantGroup section */

/* Begin XCBuildConfiguration section */
		F5187D6E1BD4BD6F00EAFA47 /* Debug */ = {
			isa = XCBuildConfiguration;
			buildSettings = {
				ALWAYS_SEARCH_USER_PATHS = NO;
				CLANG_CXX_LANGUAGE_STANDARD = "gnu++0x";
				CLANG_CXX_LIBRARY = "libc++";
				CLANG_ENABLE_MODULES = YES;
				CLANG_ENABLE_OBJC_ARC = YES;
				CLANG_WARN_BOOL_CONVERSION = YES;
				CLANG_WARN_CONSTANT_CONVERSION = YES;
				CLANG_WARN_DIRECT_OBJC_ISA_USAGE = YES_ERROR;
				CLANG_WARN_EMPTY_BODY = YES;
				CLANG_WARN_ENUM_CONVERSION = YES;
				CLANG_WARN_INT_CONVERSION = YES;
				CLANG_WARN_OBJC_ROOT_CLASS = YES_ERROR;
				CLANG_WARN_UNREACHABLE_CODE = YES;
				CLANG_WARN__DUPLICATE_METHOD_MATCH = YES;
				"CODE_SIGN_IDENTITY[sdk=iphoneos*]" = "iPhone Developer";
				COPY_PHASE_STRIP = NO;
				DEBUG_INFORMATION_FORMAT = dwarf;
				ENABLE_STRICT_OBJC_MSGSEND = YES;
				ENABLE_TESTABILITY = YES;
				GCC_C_LANGUAGE_STANDARD = gnu99;
				GCC_DYNAMIC_NO_PIC = NO;
				GCC_NO_COMMON_BLOCKS = YES;
				GCC_OPTIMIZATION_LEVEL = 0;
				GCC_PREPROCESSOR_DEFINITIONS = (
					"DEBUG=1",
					"$(inherited)",
				);
				GCC_WARN_64_TO_32_BIT_CONVERSION = YES;
				GCC_WARN_ABOUT_RETURN_TYPE = YES_ERROR;
				GCC_WARN_UNDECLARED_SELECTOR = YES;
				GCC_WARN_UNINITIALIZED_AUTOS = YES_AGGRESSIVE;
				GCC_WARN_UNUSED_FUNCTION = YES;
				GCC_WARN_UNUSED_VARIABLE = YES;
				IPHONEOS_DEPLOYMENT_TARGET = 9.0;
				MTL_ENABLE_DEBUG_INFO = YES;
				ONLY_ACTIVE_ARCH = YES;
				SDKROOT = iphoneos;
				TARGETED_DEVICE_FAMILY = "1,2";
			};
			name = Debug;
		};
		F5187D6F1BD4BD6F00EAFA47 /* Release */ = {
			isa = XCBuildConfiguration;
			buildSettings = {
				ALWAYS_SEARCH_USER_PATHS = NO;
				CLANG_CXX_LANGUAGE_STANDARD = "gnu++0x";
				CLANG_CXX_LIBRARY = "libc++";
				CLANG_ENABLE_MODULES = YES;
				CLANG_ENABLE_OBJC_ARC = YES;
				CLANG_WARN_BOOL_CONVERSION = YES;
				CLANG_WARN_CONSTANT_CONVERSION = YES;
				CLANG_WARN_DIRECT_OBJC_ISA_USAGE = YES_ERROR;
				CLANG_WARN_EMPTY_BODY = YES;
				CLANG_WARN_ENUM_CONVERSION = YES;
				CLANG_WARN_INT_CONVERSION = YES;
				CLANG_WARN_OBJC_ROOT_CLASS = YES_ERROR;
				CLANG_WARN_UNREACHABLE_CODE = YES;
				CLANG_WARN__DUPLICATE_METHOD_MATCH = YES;
				"CODE_SIGN_IDENTITY[sdk=iphoneos*]" = "iPhone Developer";
				COPY_PHASE_STRIP = NO;
				DEBUG_INFORMATION_FORMAT = "dwarf-with-dsym";
				ENABLE_NS_ASSERTIONS = NO;
				ENABLE_STRICT_OBJC_MSGSEND = YES;
				GCC_C_LANGUAGE_STANDARD = gnu99;
				GCC_NO_COMMON_BLOCKS = YES;
				GCC_WARN_64_TO_32_BIT_CONVERSION = YES;
				GCC_WARN_ABOUT_RETURN_TYPE = YES_ERROR;
				GCC_WARN_UNDECLARED_SELECTOR = YES;
				GCC_WARN_UNINITIALIZED_AUTOS = YES_AGGRESSIVE;
				GCC_WARN_UNUSED_FUNCTION = YES;
				GCC_WARN_UNUSED_VARIABLE = YES;
				IPHONEOS_DEPLOYMENT_TARGET = 9.0;
				MTL_ENABLE_DEBUG_INFO = NO;
				SDKROOT = iphoneos;
				TARGETED_DEVICE_FAMILY = "1,2";
				VALIDATE_PRODUCT = YES;
			};
			name = Release;
		};
		F5187D711BD4BD6F00EAFA47 /* Debug */ = {
			isa = XCBuildConfiguration;
			buildSettings = {
				ASSETCATALOG_COMPILER_APPICON_NAME = AppIcon;
				CODE_SIGN_IDENTITY = "iPhone Developer";
				INFOPLIST_FILE = Jenkins/Info.plist;
				IPHONEOS_DEPLOYMENT_TARGET = 8.0;
				LD_RUNPATH_SEARCH_PATHS = "$(inherited) @executable_path/Frameworks";
				PRODUCT_BUNDLE_IDENTIFIER = com.jangir.Jenkins;
				PRODUCT_NAME = "$(TARGET_NAME)";
				PROVISIONING_PROFILE = "bd674c38-ee4a-4e7f-a871-66997c676dd1";
			};
			name = Debug;
		};
		F5187D721BD4BD6F00EAFA47 /* Release */ = {
			isa = XCBuildConfiguration;
			buildSettings = {
				ASSETCATALOG_COMPILER_APPICON_NAME = AppIcon;
				CODE_SIGN_IDENTITY = "iPhone Distribution: My Personal Health Record Express, Inc. (2Y23VVMDSG)";
				INFOPLIST_FILE = Jenkins/Info.plist;
				IPHONEOS_DEPLOYMENT_TARGET = 8.0;
				LD_RUNPATH_SEARCH_PATHS = "$(inherited) @executable_path/Frameworks";
				PRODUCT_BUNDLE_IDENTIFIER = com.jangir.Jenkins;
				PRODUCT_NAME = "$(TARGET_NAME)";
				PROVISIONING_PROFILE = "d2ce3db0-b32d-4ac5-9438-8c740ce9557f";
			};
			name = Release;
		};
/* End XCBuildConfiguration section */

/* Begin XCConfigurationList section */
		F5187D541BD4BD6F00EAFA47 /* Build configuration list for PBXProject "Jenkins" */ = {
			isa = XCConfigurationList;
			buildConfigurations = (
				F5187D6E1BD4BD6F00EAFA47 /* Debug */,
				F5187D6F1BD4BD6F00EAFA47 /* Release */,
			);
			defaultConfigurationIsVisible = 0;
			defaultConfigurationName = Release;
		};
		F5187D701BD4BD6F00EAFA47 /* Build configuration list for PBXNativeTarget "Jenkins" */ = {
			isa = XCConfigurationList;
			buildConfigurations = (
				F5187D711BD4BD6F00EAFA47 /* Debug */,
				F5187D721BD4BD6F00EAFA47 /* Release */,
			);
			defaultConfigurationIsVisible = 0;
			defaultConfigurationName = Release;
		};
/* End XCConfigurationList section */
	};
	rootObject = F5187D511BD4BD6F00EAFA47 /* Project object */;
}
